// !$*UTF8*$!
{
	archiveVersion = 1;
	classes = {
	};
	objectVersion = 50;
	objects = {

/* Begin PBXBuildFile section */
		D2A8D68F2411B2E500928F4F /* AppDelegate.swift in Sources */ = {isa = PBXBuildFile; fileRef = D2A8D68E2411B2E500928F4F /* AppDelegate.swift */; };
		D2A8D6912411B2E500928F4F /* SceneDelegate.swift in Sources */ = {isa = PBXBuildFile; fileRef = D2A8D6902411B2E500928F4F /* SceneDelegate.swift */; };
		D2A8D6932411B2E500928F4F /* ContentView.swift in Sources */ = {isa = PBXBuildFile; fileRef = D2A8D6922411B2E500928F4F /* ContentView.swift */; };
		D2A8D6952411B2E700928F4F /* Assets.xcassets in Resources */ = {isa = PBXBuildFile; fileRef = D2A8D6942411B2E700928F4F /* Assets.xcassets */; };
		D2A8D6982411B2E700928F4F /* Preview Assets.xcassets in Resources */ = {isa = PBXBuildFile; fileRef = D2A8D6972411B2E700928F4F /* Preview Assets.xcassets */; };
		D2A8D69B2411B2E700928F4F /* LaunchScreen.storyboard in Resources */ = {isa = PBXBuildFile; fileRef = D2A8D6992411B2E700928F4F /* LaunchScreen.storyboard */; };
		D2A8D6A32411B31700928F4F /* ColumnWebView.swift in Sources */ = {isa = PBXBuildFile; fileRef = D2A8D6A22411B31700928F4F /* ColumnWebView.swift */; };
		D2A8D6A72411C7A700928F4F /* ColumnModuleView.swift in Sources */ = {isa = PBXBuildFile; fileRef = D2A8D6A62411C7A700928F4F /* ColumnModuleView.swift */; };
		D2A8D6D124120CE300928F4F /* ColumnMessageHandler.swift in Sources */ = {isa = PBXBuildFile; fileRef = D2A8D6D024120CE300928F4F /* ColumnMessageHandler.swift */; };
/* End PBXBuildFile section */

/* Begin PBXFileReference section */
		D2A8D68B2411B2E500928F4F /* Column Tax.app */ = {isa = PBXFileReference; explicitFileType = wrapper.application; includeInIndex = 0; path = "Column Tax.app"; sourceTree = BUILT_PRODUCTS_DIR; };
		D2A8D68E2411B2E500928F4F /* AppDelegate.swift */ = {isa = PBXFileReference; lastKnownFileType = sourcecode.swift; path = AppDelegate.swift; sourceTree = "<group>"; };
		D2A8D6902411B2E500928F4F /* SceneDelegate.swift */ = {isa = PBXFileReference; lastKnownFileType = sourcecode.swift; path = SceneDelegate.swift; sourceTree = "<group>"; };
		D2A8D6922411B2E500928F4F /* ContentView.swift */ = {isa = PBXFileReference; lastKnownFileType = sourcecode.swift; path = ContentView.swift; sourceTree = "<group>"; };
		D2A8D6942411B2E700928F4F /* Assets.xcassets */ = {isa = PBXFileReference; lastKnownFileType = folder.assetcatalog; path = Assets.xcassets; sourceTree = "<group>"; };
		D2A8D6972411B2E700928F4F /* Preview Assets.xcassets */ = {isa = PBXFileReference; lastKnownFileType = folder.assetcatalog; path = "Preview Assets.xcassets"; sourceTree = "<group>"; };
		D2A8D69A2411B2E700928F4F /* Base */ = {isa = PBXFileReference; lastKnownFileType = file.storyboard; name = Base; path = Base.lproj/LaunchScreen.storyboard; sourceTree = "<group>"; };
		D2A8D69C2411B2E700928F4F /* Info.plist */ = {isa = PBXFileReference; lastKnownFileType = text.plist.xml; path = Info.plist; sourceTree = "<group>"; };
		D2A8D6A22411B31700928F4F /* ColumnWebView.swift */ = {isa = PBXFileReference; lastKnownFileType = sourcecode.swift; path = ColumnWebView.swift; sourceTree = "<group>"; };
		D2A8D6A62411C7A700928F4F /* ColumnModuleView.swift */ = {isa = PBXFileReference; lastKnownFileType = sourcecode.swift; path = ColumnModuleView.swift; sourceTree = "<group>"; };
		D2A8D6D024120CE300928F4F /* ColumnMessageHandler.swift */ = {isa = PBXFileReference; lastKnownFileType = sourcecode.swift; path = ColumnMessageHandler.swift; sourceTree = "<group>"; };
/* End PBXFileReference section */

/* Begin PBXFrameworksBuildPhase section */
		D2A8D6882411B2E500928F4F /* Frameworks */ = {
			isa = PBXFrameworksBuildPhase;
			buildActionMask = 2147483647;
			files = (
			);
			runOnlyForDeploymentPostprocessing = 0;
		};
/* End PBXFrameworksBuildPhase section */

/* Begin PBXGroup section */
		D2A8D6822411B2E500928F4F = {
			isa = PBXGroup;
			children = (
				D2A8D68D2411B2E500928F4F /* column-ios */,
				D2A8D68C2411B2E500928F4F /* Products */,
			);
			sourceTree = "<group>";
		};
		D2A8D68C2411B2E500928F4F /* Products */ = {
			isa = PBXGroup;
			children = (
				D2A8D68B2411B2E500928F4F /* Column Tax.app */,
			);
			name = Products;
			sourceTree = "<group>";
		};
		D2A8D68D2411B2E500928F4F /* column-ios */ = {
			isa = PBXGroup;
			children = (
				D2A8D6A62411C7A700928F4F /* ColumnModuleView.swift */,
				D2A8D6A22411B31700928F4F /* ColumnWebView.swift */,
				D2A8D6D024120CE300928F4F /* ColumnMessageHandler.swift */,
				D2A8D6922411B2E500928F4F /* ContentView.swift */,
				D2A8D68E2411B2E500928F4F /* AppDelegate.swift */,
				D2A8D6902411B2E500928F4F /* SceneDelegate.swift */,
				D2A8D6942411B2E700928F4F /* Assets.xcassets */,
				D2A8D6992411B2E700928F4F /* LaunchScreen.storyboard */,
				D2A8D69C2411B2E700928F4F /* Info.plist */,
				D2A8D6962411B2E700928F4F /* Preview Content */,
			);
			path = "column-ios";
			sourceTree = "<group>";
		};
		D2A8D6962411B2E700928F4F /* Preview Content */ = {
			isa = PBXGroup;
			children = (
				D2A8D6972411B2E700928F4F /* Preview Assets.xcassets */,
			);
			path = "Preview Content";
			sourceTree = "<group>";
		};
/* End PBXGroup section */

/* Begin PBXNativeTarget section */
		D2A8D68A2411B2E500928F4F /* column-ios */ = {
			isa = PBXNativeTarget;
			buildConfigurationList = D2A8D69F2411B2E700928F4F /* Build configuration list for PBXNativeTarget "column-ios" */;
			buildPhases = (
				D2A8D6872411B2E500928F4F /* Sources */,
				D2A8D6882411B2E500928F4F /* Frameworks */,
				D2A8D6892411B2E500928F4F /* Resources */,
			);
			buildRules = (
			);
			dependencies = (
			);
			name = "column-ios";
			productName = "column-ios";
			productReference = D2A8D68B2411B2E500928F4F /* Column Tax.app */;
			productType = "com.apple.product-type.application";
		};
/* End PBXNativeTarget section */

/* Begin PBXProject section */
		D2A8D6832411B2E500928F4F /* Project object */ = {
			isa = PBXProject;
			attributes = {
				LastSwiftUpdateCheck = 1130;
				LastUpgradeCheck = 1130;
				ORGANIZATIONNAME = "Column Tax";
				TargetAttributes = {
					D2A8D68A2411B2E500928F4F = {
						CreatedOnToolsVersion = 11.3.1;
					};
				};
			};
			buildConfigurationList = D2A8D6862411B2E500928F4F /* Build configuration list for PBXProject "column-ios" */;
			compatibilityVersion = "Xcode 9.3";
			developmentRegion = en;
			hasScannedForEncodings = 0;
			knownRegions = (
				en,
				Base,
			);
			mainGroup = D2A8D6822411B2E500928F4F;
			productRefGroup = D2A8D68C2411B2E500928F4F /* Products */;
			projectDirPath = "";
			projectRoot = "";
			targets = (
				D2A8D68A2411B2E500928F4F /* column-ios */,
			);
		};
/* End PBXProject section */

/* Begin PBXResourcesBuildPhase section */
		D2A8D6892411B2E500928F4F /* Resources */ = {
			isa = PBXResourcesBuildPhase;
			buildActionMask = 2147483647;
			files = (
				D2A8D69B2411B2E700928F4F /* LaunchScreen.storyboard in Resources */,
				D2A8D6982411B2E700928F4F /* Preview Assets.xcassets in Resources */,
				D2A8D6952411B2E700928F4F /* Assets.xcassets in Resources */,
			);
			runOnlyForDeploymentPostprocessing = 0;
		};
/* End PBXResourcesBuildPhase section */

/* Begin PBXSourcesBuildPhase section */
		D2A8D6872411B2E500928F4F /* Sources */ = {
			isa = PBXSourcesBuildPhase;
			buildActionMask = 2147483647;
			files = (
				D2A8D68F2411B2E500928F4F /* AppDelegate.swift in Sources */,
				D2A8D6D124120CE300928F4F /* ColumnMessageHandler.swift in Sources */,
				D2A8D6A32411B31700928F4F /* ColumnWebView.swift in Sources */,
				D2A8D6912411B2E500928F4F /* SceneDelegate.swift in Sources */,
				D2A8D6A72411C7A700928F4F /* ColumnModuleView.swift in Sources */,
				D2A8D6932411B2E500928F4F /* ContentView.swift in Sources */,
			);
			runOnlyForDeploymentPostprocessing = 0;
		};
/* End PBXSourcesBuildPhase section */

/* Begin PBXVariantGroup section */
		D2A8D6992411B2E700928F4F /* LaunchScreen.storyboard */ = {
			isa = PBXVariantGroup;
			children = (
				D2A8D69A2411B2E700928F4F /* Base */,
			);
			name = LaunchScreen.storyboard;
			sourceTree = "<group>";
		};
/* End PBXVariantGroup section */

/* Begin XCBuildConfiguration section */
		D2A8D69D2411B2E700928F4F /* Debug */ = {
			isa = XCBuildConfiguration;
			buildSettings = {
				ALWAYS_SEARCH_USER_PATHS = NO;
				CLANG_ANALYZER_NONNULL = YES;
				CLANG_ANALYZER_NUMBER_OBJECT_CONVERSION = YES_AGGRESSIVE;
				CLANG_CXX_LANGUAGE_STANDARD = "gnu++14";
				CLANG_CXX_LIBRARY = "libc++";
				CLANG_ENABLE_MODULES = YES;
				CLANG_ENABLE_OBJC_ARC = YES;
				CLANG_ENABLE_OBJC_WEAK = YES;
				CLANG_WARN_BLOCK_CAPTURE_AUTORELEASING = YES;
				CLANG_WARN_BOOL_CONVERSION = YES;
				CLANG_WARN_COMMA = YES;
				CLANG_WARN_CONSTANT_CONVERSION = YES;
				CLANG_WARN_DEPRECATED_OBJC_IMPLEMENTATIONS = YES;
				CLANG_WARN_DIRECT_OBJC_ISA_USAGE = YES_ERROR;
				CLANG_WARN_DOCUMENTATION_COMMENTS = YES;
				CLANG_WARN_EMPTY_BODY = YES;
				CLANG_WARN_ENUM_CONVERSION = YES;
				CLANG_WARN_INFINITE_RECURSION = YES;
				CLANG_WARN_INT_CONVERSION = YES;
				CLANG_WARN_NON_LITERAL_NULL_CONVERSION = YES;
				CLANG_WARN_OBJC_IMPLICIT_RETAIN_SELF = YES;
				CLANG_WARN_OBJC_LITERAL_CONVERSION = YES;
				CLANG_WARN_OBJC_ROOT_CLASS = YES_ERROR;
				CLANG_WARN_RANGE_LOOP_ANALYSIS = YES;
				CLANG_WARN_STRICT_PROTOTYPES = YES;
				CLANG_WARN_SUSPICIOUS_MOVE = YES;
				CLANG_WARN_UNGUARDED_AVAILABILITY = YES_AGGRESSIVE;
				CLANG_WARN_UNREACHABLE_CODE = YES;
				CLANG_WARN__DUPLICATE_METHOD_MATCH = YES;
				COPY_PHASE_STRIP = NO;
				DEBUG_INFORMATION_FORMAT = dwarf;
				ENABLE_STRICT_OBJC_MSGSEND = YES;
				ENABLE_TESTABILITY = YES;
				GCC_C_LANGUAGE_STANDARD = gnu11;
				GCC_DYNAMIC_NO_PIC = NO;
				GCC_NO_COMMON_BLOCKS = YES;
				GCC_OPTIMIZATION_LEVEL = 0;
				GCC_PREPROCESSOR_DEFINITIONS = (
					"DEBUG=1",
					"$(inherited)",
				);
				GCC_WARN_64_TO_32_BIT_CONVERSION = YES;
				GCC_WARN_ABOUT_RETURN_TYPE = YES_ERROR;
				GCC_WARN_UNDECLARED_SELECTOR = YES;
				GCC_WARN_UNINITIALIZED_AUTOS = YES_AGGRESSIVE;
				GCC_WARN_UNUSED_FUNCTION = YES;
				GCC_WARN_UNUSED_VARIABLE = YES;
				IPHONEOS_DEPLOYMENT_TARGET = 13.2;
				MTL_ENABLE_DEBUG_INFO = INCLUDE_SOURCE;
				MTL_FAST_MATH = YES;
				ONLY_ACTIVE_ARCH = YES;
				SDKROOT = iphoneos;
				SWIFT_ACTIVE_COMPILATION_CONDITIONS = DEBUG;
				SWIFT_OPTIMIZATION_LEVEL = "-Onone";
			};
			name = Debug;
		};
		D2A8D69E2411B2E700928F4F /* Release */ = {
			isa = XCBuildConfiguration;
			buildSettings = {
				ALWAYS_SEARCH_USER_PATHS = NO;
				CLANG_ANALYZER_NONNULL = YES;
				CLANG_ANALYZER_NUMBER_OBJECT_CONVERSION = YES_AGGRESSIVE;
				CLANG_CXX_LANGUAGE_STANDARD = "gnu++14";
				CLANG_CXX_LIBRARY = "libc++";
				CLANG_ENABLE_MODULES = YES;
				CLANG_ENABLE_OBJC_ARC = YES;
				CLANG_ENABLE_OBJC_WEAK = YES;
				CLANG_WARN_BLOCK_CAPTURE_AUTORELEASING = YES;
				CLANG_WARN_BOOL_CONVERSION = YES;
				CLANG_WARN_COMMA = YES;
				CLANG_WARN_CONSTANT_CONVERSION = YES;
				CLANG_WARN_DEPRECATED_OBJC_IMPLEMENTATIONS = YES;
				CLANG_WARN_DIRECT_OBJC_ISA_USAGE = YES_ERROR;
				CLANG_WARN_DOCUMENTATION_COMMENTS = YES;
				CLANG_WARN_EMPTY_BODY = YES;
				CLANG_WARN_ENUM_CONVERSION = YES;
				CLANG_WARN_INFINITE_RECURSION = YES;
				CLANG_WARN_INT_CONVERSION = YES;
				CLANG_WARN_NON_LITERAL_NULL_CONVERSION = YES;
				CLANG_WARN_OBJC_IMPLICIT_RETAIN_SELF = YES;
				CLANG_WARN_OBJC_LITERAL_CONVERSION = YES;
				CLANG_WARN_OBJC_ROOT_CLASS = YES_ERROR;
				CLANG_WARN_RANGE_LOOP_ANALYSIS = YES;
				CLANG_WARN_STRICT_PROTOTYPES = YES;
				CLANG_WARN_SUSPICIOUS_MOVE = YES;
				CLANG_WARN_UNGUARDED_AVAILABILITY = YES_AGGRESSIVE;
				CLANG_WARN_UNREACHABLE_CODE = YES;
				CLANG_WARN__DUPLICATE_METHOD_MATCH = YES;
				COPY_PHASE_STRIP = NO;
				DEBUG_INFORMATION_FORMAT = "dwarf-with-dsym";
				ENABLE_NS_ASSERTIONS = NO;
				ENABLE_STRICT_OBJC_MSGSEND = YES;
				GCC_C_LANGUAGE_STANDARD = gnu11;
				GCC_NO_COMMON_BLOCKS = YES;
				GCC_WARN_64_TO_32_BIT_CONVERSION = YES;
				GCC_WARN_ABOUT_RETURN_TYPE = YES_ERROR;
				GCC_WARN_UNDECLARED_SELECTOR = YES;
				GCC_WARN_UNINITIALIZED_AUTOS = YES_AGGRESSIVE;
				GCC_WARN_UNUSED_FUNCTION = YES;
				GCC_WARN_UNUSED_VARIABLE = YES;
				IPHONEOS_DEPLOYMENT_TARGET = 13.2;
				MTL_ENABLE_DEBUG_INFO = NO;
				MTL_FAST_MATH = YES;
				SDKROOT = iphoneos;
				SWIFT_COMPILATION_MODE = wholemodule;
				SWIFT_OPTIMIZATION_LEVEL = "-O";
				VALIDATE_PRODUCT = YES;
			};
			name = Release;
		};
		D2A8D6A02411B2E700928F4F /* Debug */ = {
			isa = XCBuildConfiguration;
			buildSettings = {
				ASSETCATALOG_COMPILER_APPICON_NAME = AppIcon;
				CODE_SIGN_STYLE = Automatic;
				DEVELOPMENT_ASSET_PATHS = "\"column-ios/Preview Content\"";
				DEVELOPMENT_TEAM = 6Q9KP87D48;
				ENABLE_PREVIEWS = YES;
				INFOPLIST_FILE = "column-ios/Info.plist";
				LD_RUNPATH_SEARCH_PATHS = (
					"$(inherited)",
					"@executable_path/Frameworks",
				);
				PRODUCT_BUNDLE_IDENTIFIER = "com.column-tax.ios";
				PRODUCT_NAME = "Column Tax";
				SWIFT_VERSION = 5.0;
				TARGETED_DEVICE_FAMILY = "1,2";
			};
			name = Debug;
		};
		D2A8D6A12411B2E700928F4F /* Release */ = {
			isa = XCBuildConfiguration;
			buildSettings = {
				ASSETCATALOG_COMPILER_APPICON_NAME = AppIcon;
				CODE_SIGN_STYLE = Automatic;
				DEVELOPMENT_ASSET_PATHS = "\"column-ios/Preview Content\"";
				DEVELOPMENT_TEAM = 6Q9KP87D48;
				ENABLE_PREVIEWS = YES;
				INFOPLIST_FILE = "column-ios/Info.plist";
				LD_RUNPATH_SEARCH_PATHS = (
					"$(inherited)",
					"@executable_path/Frameworks",
				);
				PRODUCT_BUNDLE_IDENTIFIER = "com.column-tax.ios";
				PRODUCT_NAME = "Column Tax";
				SWIFT_VERSION = 5.0;
				TARGETED_DEVICE_FAMILY = "1,2";
			};
			name = Release;
		};
/* End XCBuildConfiguration section */

/* Begin XCConfigurationList section */
		D2A8D6862411B2E500928F4F /* Build configuration list for PBXProject "column-ios" */ = {
			isa = XCConfigurationList;
			buildConfigurations = (
				D2A8D69D2411B2E700928F4F /* Debug */,
				D2A8D69E2411B2E700928F4F /* Release */,
			);
			defaultConfigurationIsVisible = 0;
			defaultConfigurationName = Release;
		};
		D2A8D69F2411B2E700928F4F /* Build configuration list for PBXNativeTarget "column-ios" */ = {
			isa = XCConfigurationList;
			buildConfigurations = (
				D2A8D6A02411B2E700928F4F /* Debug */,
				D2A8D6A12411B2E700928F4F /* Release */,
			);
			defaultConfigurationIsVisible = 0;
			defaultConfigurationName = Release;
		};
/* End XCConfigurationList section */
	};
	rootObject = D2A8D6832411B2E500928F4F /* Project object */;
}
